lockfile_version: '1'
generated_at: '2026-07-19T05:01:48.956837+00:00'
apm_version: 0.18.0
dependencies: []
mcp_servers:
  - context7
  - playwright
mcp_configs:
  context7:
    name: context7
    transport: http
    registry: false
    url: https://mcp.context7.com/mcp
  playwright:
    name: playwright
    transport: stdio
    args:
      - -y
      - '@playwright/mcp'
    registry: false
    command: npx
local_deployed_files:
  - .agents/skills/agent-automation-recommender
  - .agents/skills/agent-introspection-debugging
  - .agents/skills/animation-best-practices
  - .agents/skills/babysit
  - .agents/skills/brainstorming
  - .agents/skills/cavecrew
  - .agents/skills/caveman
  - .agents/skills/caveman-commit
  - .agents/skills/caveman-compress
  - .agents/skills/caveman-review
  - .agents/skills/caveman-stats
  - .agents/skills/check
  - .agents/skills/commit-push-pr
  - .agents/skills/create-hook
  - .agents/skills/create-rule
  - .agents/skills/create-skill
  - .agents/skills/create-subagent
  - .agents/skills/dispatching-parallel-agents
  - .agents/skills/e2e-testing
  - .agents/skills/executing-plans
  - .agents/skills/find-skills
  - .agents/skills/finishing-a-development-branch
  - .agents/skills/git-staged-branch-commit-push
  - .agents/skills/github-issue-implementation
  - .agents/skills/github-pr-review
  - .agents/skills/grill-with-docs
  - .agents/skills/harness-evaluator
  - .agents/skills/harness-generator
  - .agents/skills/harness-optimizer
  - .agents/skills/harness-orchestrate
  - .agents/skills/harness-planner
  - .agents/skills/migrate-to-skills
  - .agents/skills/react-doctor
  - .agents/skills/receiving-code-review
  - .agents/skills/requesting-code-review
  - .agents/skills/security-review
  - .agents/skills/shell
  - .agents/skills/split-to-prs
  - .agents/skills/statusline
  - .agents/skills/subagent-driven-development
  - .agents/skills/systematic-debugging
  - .agents/skills/test-driven-development
  - .agents/skills/using-git-worktrees
  - .agents/skills/vercel-composition-patterns
  - .agents/skills/vercel-react-best-practices
  - .agents/skills/verification-before-completion
  - .agents/skills/web-design-guidelines
  - .agents/skills/writing-plans
  - .agents/skills/writing-skills
  - .claude/commands/agent-automation-recommendations.md
  - .claude/commands/code-style.md
  - .claude/commands/comment-rule.md
  - .claude/commands/harness-evaluator.md
  - .claude/commands/harness-ops.md
  - .claude/commands/harness-orchestrate.md
  - .claude/hooks/TABBIN/scripts/format-check-on-edit.sh
  - .claude/hooks/TABBIN/scripts/harness-config-protection.sh
  - .claude/hooks/TABBIN/scripts/harness-event-capture.sh
  - .claude/hooks/TABBIN/scripts/harness-first-edit-gate.sh
  - .claude/hooks/TABBIN/scripts/harness-precompact.sh
  - .claude/hooks/TABBIN/scripts/harness-profile-gate.sh
  - .claude/hooks/TABBIN/scripts/harness-safety-warn.sh
  - .claude/hooks/TABBIN/scripts/harness-session-context.sh
  - .claude/hooks/TABBIN/scripts/publish-verify.sh
  - .claude/hooks/TABBIN/scripts/rtk-usage-replace.sh
  - .claude/hooks/TABBIN/scripts/stop-verify.sh
  - .claude/hooks/TABBIN/scripts/track-edit.sh
  - .claude/rules/00-context-mode.md
  - .claude/rules/01-rtk.md
  - .claude/rules/02-vitest-local-development.md
  - .claude/rules/03-github-pr-review.md
  - .claude/rules/harness.md
  - .claude/rules/repository-guidelines.md
  - .claude/skills/agent-automation-recommender
  - .claude/skills/agent-introspection-debugging
  - .claude/skills/animation-best-practices
  - .claude/skills/babysit
  - .claude/skills/brainstorming
  - .claude/skills/cavecrew
  - .claude/skills/caveman
  - .claude/skills/caveman-commit
  - .claude/skills/caveman-compress
  - .claude/skills/caveman-review
  - .claude/skills/caveman-stats
  - .claude/skills/check
  - .claude/skills/commit-push-pr
  - .claude/skills/create-hook
  - .claude/skills/create-rule
  - .claude/skills/create-skill
  - .claude/skills/create-subagent
  - .claude/skills/dispatching-parallel-agents
  - .claude/skills/e2e-testing
  - .claude/skills/executing-plans
  - .claude/skills/find-skills
  - .claude/skills/finishing-a-development-branch
  - .claude/skills/git-staged-branch-commit-push
  - .claude/skills/github-issue-implementation
  - .claude/skills/github-pr-review
  - .claude/skills/grill-with-docs
  - .claude/skills/harness-evaluator
  - .claude/skills/harness-generator
  - .claude/skills/harness-optimizer
  - .claude/skills/harness-orchestrate
  - .claude/skills/harness-planner
  - .claude/skills/migrate-to-skills
  - .claude/skills/react-doctor
  - .claude/skills/receiving-code-review
  - .claude/skills/requesting-code-review
  - .claude/skills/security-review
  - .claude/skills/shell
  - .claude/skills/split-to-prs
  - .claude/skills/statusline
  - .claude/skills/subagent-driven-development
  - .claude/skills/systematic-debugging
  - .claude/skills/test-driven-development
  - .claude/skills/using-git-worktrees
  - .claude/skills/vercel-composition-patterns
  - .claude/skills/vercel-react-best-practices
  - .claude/skills/verification-before-completion
  - .claude/skills/web-design-guidelines
  - .claude/skills/writing-plans
  - .claude/skills/writing-skills
  - .codex/hooks/TABBIN/scripts/format-check-on-edit.sh
  - .codex/hooks/TABBIN/scripts/harness-config-protection.sh
  - .codex/hooks/TABBIN/scripts/harness-event-capture.sh
  - .codex/hooks/TABBIN/scripts/harness-first-edit-gate.sh
  - .codex/hooks/TABBIN/scripts/harness-precompact.sh
  - .codex/hooks/TABBIN/scripts/harness-profile-gate.sh
  - .codex/hooks/TABBIN/scripts/harness-safety-warn.sh
  - .codex/hooks/TABBIN/scripts/harness-session-context.sh
  - .codex/hooks/TABBIN/scripts/publish-verify.sh
  - .codex/hooks/TABBIN/scripts/rtk-usage-replace.sh
  - .codex/hooks/TABBIN/scripts/stop-verify.sh
  - .codex/hooks/TABBIN/scripts/track-edit.sh
  - .cursor/commands/agent-automation-recommendations.md
  - .cursor/commands/code-style.md
  - .cursor/commands/comment-rule.md
  - .cursor/commands/harness-evaluator.md
  - .cursor/commands/harness-ops.md
  - .cursor/commands/harness-orchestrate.md
  - .cursor/hooks/TABBIN/scripts/format-check-on-edit.sh
  - .cursor/hooks/TABBIN/scripts/harness-config-protection.sh
  - .cursor/hooks/TABBIN/scripts/harness-event-capture.sh
  - .cursor/hooks/TABBIN/scripts/harness-first-edit-gate.sh
  - .cursor/hooks/TABBIN/scripts/harness-precompact.sh
  - .cursor/hooks/TABBIN/scripts/harness-profile-gate.sh
  - .cursor/hooks/TABBIN/scripts/harness-safety-warn.sh
  - .cursor/hooks/TABBIN/scripts/harness-session-context.sh
  - .cursor/hooks/TABBIN/scripts/publish-verify.sh
  - .cursor/hooks/TABBIN/scripts/rtk-usage-replace.sh
  - .cursor/hooks/TABBIN/scripts/stop-verify.sh
  - .cursor/hooks/TABBIN/scripts/track-edit.sh
  - .cursor/rules/00-context-mode.mdc
  - .cursor/rules/01-rtk.mdc
  - .cursor/rules/02-vitest-local-development.mdc
  - .cursor/rules/03-github-pr-review.mdc
  - .cursor/rules/harness.mdc
  - .cursor/rules/repository-guidelines.mdc
  - .gemini/commands/agent-automation-recommendations.toml
  - .gemini/commands/code-style.toml
  - .gemini/commands/comment-rule.toml
  - .gemini/commands/harness-evaluator.toml
  - .gemini/commands/harness-ops.toml
  - .gemini/commands/harness-orchestrate.toml
  - .gemini/hooks/TABBIN/scripts/format-check-on-edit.sh
  - .gemini/hooks/TABBIN/scripts/harness-config-protection.sh
  - .gemini/hooks/TABBIN/scripts/harness-event-capture.sh
  - .gemini/hooks/TABBIN/scripts/harness-first-edit-gate.sh
  - .gemini/hooks/TABBIN/scripts/harness-precompact.sh
  - .gemini/hooks/TABBIN/scripts/harness-profile-gate.sh
  - .gemini/hooks/TABBIN/scripts/harness-safety-warn.sh
  - .gemini/hooks/TABBIN/scripts/harness-session-context.sh
  - .gemini/hooks/TABBIN/scripts/publish-verify.sh
  - .gemini/hooks/TABBIN/scripts/rtk-usage-replace.sh
  - .gemini/hooks/TABBIN/scripts/stop-verify.sh
  - .gemini/hooks/TABBIN/scripts/track-edit.sh
  - .github/hooks/TABBIN-claude-quality-hooks.json
  - .github/hooks/scripts/TABBIN/scripts/format-check-on-edit.sh
  - .github/hooks/scripts/TABBIN/scripts/harness-config-protection.sh
  - .github/hooks/scripts/TABBIN/scripts/harness-event-capture.sh
  - .github/hooks/scripts/TABBIN/scripts/harness-first-edit-gate.sh
  - .github/hooks/scripts/TABBIN/scripts/harness-precompact.sh
  - .github/hooks/scripts/TABBIN/scripts/harness-profile-gate.sh
  - .github/hooks/scripts/TABBIN/scripts/harness-safety-warn.sh
  - .github/hooks/scripts/TABBIN/scripts/harness-session-context.sh
  - .github/hooks/scripts/TABBIN/scripts/publish-verify.sh
  - .github/hooks/scripts/TABBIN/scripts/rtk-usage-replace.sh
  - .github/hooks/scripts/TABBIN/scripts/stop-verify.sh
  - .github/hooks/scripts/TABBIN/scripts/track-edit.sh
  - .github/instructions/00-context-mode.instructions.md
  - .github/instructions/01-rtk.instructions.md
  - .github/instructions/02-vitest-local-development.instructions.md
  - .github/instructions/03-github-pr-review.instructions.md
  - .github/instructions/harness.instructions.md
  - .github/instructions/repository-guidelines.instructions.md
  - .github/prompts/agent-automation-recommendations.prompt.md
  - .github/prompts/code-style.prompt.md
  - .github/prompts/comment-rule.prompt.md
  - .github/prompts/harness-evaluator.prompt.md
  - .github/prompts/harness-ops.prompt.md
  - .github/prompts/harness-orchestrate.prompt.md
  - .opencode/commands/agent-automation-recommendations.md
  - .opencode/commands/code-style.md
  - .opencode/commands/comment-rule.md
  - .opencode/commands/harness-evaluator.md
  - .opencode/commands/harness-ops.md
  - .opencode/commands/harness-orchestrate.md
local_deployed_file_hashes:
  .claude/commands/agent-automation-recommendations.md: sha256:f6a4ff4422ee67a743a174f2eba7fd3d9f5571bc0b800344fb85e15e6e64f033
  .claude/commands/code-style.md: sha256:92e72362699c129acd601ee5d1f68291e5bd6376b7026f84b54deedc68cca2a4
  .claude/commands/comment-rule.md: sha256:3b98a5328af95a4c48044587e834c15344c974c6e0fda468fd371fc62185aa15
  .claude/commands/harness-evaluator.md: sha256:e424ad92a1f09aa3d3a437b48347e2e74313923b339f52378e21a6e6a709657d
  .claude/commands/harness-ops.md: sha256:391669ff6494095e43a9f9e1411de3019e39753b3ccd0acb7775347336deadd0
  .claude/commands/harness-orchestrate.md: sha256:1108a6cadd82a5940c4dfd40f891eea4f1000ae71bb19a56bf418bf3f9eea13d
  .claude/hooks/TABBIN/scripts/format-check-on-edit.sh: sha256:c4e970c8bb9af84d52a33deb6831a2eec3847d16de0e95d038f64f4e3e618035
  .claude/hooks/TABBIN/scripts/harness-config-protection.sh: sha256:778777f95a8dc1ca748575dbee60c05b1fcec82f814965f4b6c1410fd04e3d87
  .claude/hooks/TABBIN/scripts/harness-event-capture.sh: sha256:3aa71ec6526e78a3c0f5afa8df2ee06d0f7b09477e91d8675d792e82713254b2
  .claude/hooks/TABBIN/scripts/harness-first-edit-gate.sh: sha256:4803d8c6916a662eb5480519dbe1af0366db191ec3f61e89cabc7f52bf55f24a
  .claude/hooks/TABBIN/scripts/harness-precompact.sh: sha256:00904f0442193cea21ee9fb13466bb667cb5304c40e196f07d420e2f7ce12330
  .claude/hooks/TABBIN/scripts/harness-profile-gate.sh: sha256:a7490ce92226ac2734bd6c06debf1c0bfdf12252951419474e99a3de1a6a5200
  .claude/hooks/TABBIN/scripts/harness-safety-warn.sh: sha256:44e384a9b11debe65afe8f022b0f401f32f7bd4d3049d867128a74409ac43b99
  .claude/hooks/TABBIN/scripts/harness-session-context.sh: sha256:a8b299e882c1bf64bb7a7247eec73a42d0f21f7f23871bb7443be937fc0971db
  .claude/hooks/TABBIN/scripts/publish-verify.sh: sha256:bfd06035431c12bd76a85a44756fbb535380f791c90d1813a33a19466ce59f8d
  .claude/hooks/TABBIN/scripts/rtk-usage-replace.sh: sha256:34bdb524f350984291ad01d76562a1366e85dd52353a86f61c94b29fc1df30fd
  .claude/hooks/TABBIN/scripts/stop-verify.sh: sha256:efab965b5b1ee76eeedab8b647cf65721909903db4607db2f4b3f56cd2901522
  .claude/hooks/TABBIN/scripts/track-edit.sh: sha256:28434ed9f80d0ab53032cac5d98644dd5c624db4420a8d8d71454665ed4008b0
  .claude/rules/00-context-mode.md: sha256:c716a48202aec4976112e2af9f85cbabb49f34b86c34ca10b3c82c273d80dddc
  .claude/rules/01-rtk.md: sha256:79967a0497cd7e6ab2c06bb68f24566c9bb0580c56027d7643124ba3b9eb3046
  .claude/rules/02-vitest-local-development.md: sha256:b97425a90649ab43a038df7e4d29e16560c6a5e8fe2a566c442cf2c19069adb3
  .claude/rules/03-github-pr-review.md: sha256:e5b84f2ecf1a5145096f01f04358b1089311f9143813afbf25ed38e60e4ace02
  .claude/rules/harness.md: sha256:726586c9ccfa9ff3682ce03ff3b84c9896a699023df98aa610da1d81eaf5d520
  .claude/rules/repository-guidelines.md: sha256:0eeba9e68fd5c45697e8ff66a9db1144b98b9fcfcc7d20e4b83b26bcbbf84c45
  .codex/hooks/TABBIN/scripts/format-check-on-edit.sh: sha256:c4e970c8bb9af84d52a33deb6831a2eec3847d16de0e95d038f64f4e3e618035
  .codex/hooks/TABBIN/scripts/harness-config-protection.sh: sha256:778777f95a8dc1ca748575dbee60c05b1fcec82f814965f4b6c1410fd04e3d87
  .codex/hooks/TABBIN/scripts/harness-event-capture.sh: sha256:3aa71ec6526e78a3c0f5afa8df2ee06d0f7b09477e91d8675d792e82713254b2
  .codex/hooks/TABBIN/scripts/harness-first-edit-gate.sh: sha256:4803d8c6916a662eb5480519dbe1af0366db191ec3f61e89cabc7f52bf55f24a
  .codex/hooks/TABBIN/scripts/harness-precompact.sh: sha256:00904f0442193cea21ee9fb13466bb667cb5304c40e196f07d420e2f7ce12330
  .codex/hooks/TABBIN/scripts/harness-profile-gate.sh: sha256:a7490ce92226ac2734bd6c06debf1c0bfdf12252951419474e99a3de1a6a5200
  .codex/hooks/TABBIN/scripts/harness-safety-warn.sh: sha256:44e384a9b11debe65afe8f022b0f401f32f7bd4d3049d867128a74409ac43b99
  .codex/hooks/TABBIN/scripts/harness-session-context.sh: sha256:a8b299e882c1bf64bb7a7247eec73a42d0f21f7f23871bb7443be937fc0971db
  .codex/hooks/TABBIN/scripts/publish-verify.sh: sha256:bfd06035431c12bd76a85a44756fbb535380f791c90d1813a33a19466ce59f8d
  .codex/hooks/TABBIN/scripts/rtk-usage-replace.sh: sha256:34bdb524f350984291ad01d76562a1366e85dd52353a86f61c94b29fc1df30fd
  .codex/hooks/TABBIN/scripts/stop-verify.sh: sha256:efab965b5b1ee76eeedab8b647cf65721909903db4607db2f4b3f56cd2901522
  .codex/hooks/TABBIN/scripts/track-edit.sh: sha256:28434ed9f80d0ab53032cac5d98644dd5c624db4420a8d8d71454665ed4008b0
  .cursor/commands/agent-automation-recommendations.md: sha256:f6a4ff4422ee67a743a174f2eba7fd3d9f5571bc0b800344fb85e15e6e64f033
  .cursor/commands/code-style.md: sha256:92e72362699c129acd601ee5d1f68291e5bd6376b7026f84b54deedc68cca2a4
  .cursor/commands/comment-rule.md: sha256:3b98a5328af95a4c48044587e834c15344c974c6e0fda468fd371fc62185aa15
  .cursor/commands/harness-evaluator.md: sha256:e424ad92a1f09aa3d3a437b48347e2e74313923b339f52378e21a6e6a709657d
  .cursor/commands/harness-ops.md: sha256:391669ff6494095e43a9f9e1411de3019e39753b3ccd0acb7775347336deadd0
  .cursor/commands/harness-orchestrate.md: sha256:1108a6cadd82a5940c4dfd40f891eea4f1000ae71bb19a56bf418bf3f9eea13d
  .cursor/hooks/TABBIN/scripts/format-check-on-edit.sh: sha256:c4e970c8bb9af84d52a33deb6831a2eec3847d16de0e95d038f64f4e3e618035
  .cursor/hooks/TABBIN/scripts/harness-config-protection.sh: sha256:778777f95a8dc1ca748575dbee60c05b1fcec82f814965f4b6c1410fd04e3d87
  .cursor/hooks/TABBIN/scripts/harness-event-capture.sh: sha256:3aa71ec6526e78a3c0f5afa8df2ee06d0f7b09477e91d8675d792e82713254b2
  .cursor/hooks/TABBIN/scripts/harness-first-edit-gate.sh: sha256:4803d8c6916a662eb5480519dbe1af0366db191ec3f61e89cabc7f52bf55f24a
  .cursor/hooks/TABBIN/scripts/harness-precompact.sh: sha256:00904f0442193cea21ee9fb13466bb667cb5304c40e196f07d420e2f7ce12330
  .cursor/hooks/TABBIN/scripts/harness-profile-gate.sh: sha256:a7490ce92226ac2734bd6c06debf1c0bfdf12252951419474e99a3de1a6a5200
  .cursor/hooks/TABBIN/scripts/harness-safety-warn.sh: sha256:44e384a9b11debe65afe8f022b0f401f32f7bd4d3049d867128a74409ac43b99
  .cursor/hooks/TABBIN/scripts/harness-session-context.sh: sha256:a8b299e882c1bf64bb7a7247eec73a42d0f21f7f23871bb7443be937fc0971db
  .cursor/hooks/TABBIN/scripts/publish-verify.sh: sha256:bfd06035431c12bd76a85a44756fbb535380f791c90d1813a33a19466ce59f8d
  .cursor/hooks/TABBIN/scripts/rtk-usage-replace.sh: sha256:34bdb524f350984291ad01d76562a1366e85dd52353a86f61c94b29fc1df30fd
  .cursor/hooks/TABBIN/scripts/stop-verify.sh: sha256:efab965b5b1ee76eeedab8b647cf65721909903db4607db2f4b3f56cd2901522
  .cursor/hooks/TABBIN/scripts/track-edit.sh: sha256:28434ed9f80d0ab53032cac5d98644dd5c624db4420a8d8d71454665ed4008b0
  .cursor/rules/00-context-mode.mdc: sha256:7f6ab884d8a13d82eb0395e5aac3dccbe87727340db05e32003dcb23d05f8ee7
  .cursor/rules/01-rtk.mdc: sha256:a394d32a1d3ecd2b5ca9b3181c5408e0eceb28f30ffecc034181f834b8a0faed
  .cursor/rules/02-vitest-local-development.mdc: sha256:34870a4b1aa4db4138189f74306f753c74e8a298c1e6dbf9f4ea6502498b18d1
  .cursor/rules/03-github-pr-review.mdc: sha256:ea76217e0b2a0e2f6a747877098605d3a2c5ab78d3d9a03cc578decd1a1f9f81
  .cursor/rules/harness.mdc: sha256:fd2376bbe3978666e8475a58aa0f8678d36fd5800ac6505c959221cb52cf2b19
  .cursor/rules/repository-guidelines.mdc: sha256:4b671ed916fbc94eea9e3ab9a25c1232b172aef9a1f787ecef8cf68916c33f17
  .gemini/commands/agent-automation-recommendations.toml: sha256:ce578d722cab82c16a65ed4a38696e8570a9205b38e99a84a8fbfc362375876a
  .gemini/commands/code-style.toml: sha256:997fa8f57d7d440eff082e262255697e8d7cf9613e4b4a23852f3665877dbb16
  .gemini/commands/comment-rule.toml: sha256:4a448d0c0d7234702958fd7a5dca43882a81a256a70b69021ae5306648480dcc
  .gemini/commands/harness-evaluator.toml: sha256:b0748224d373ddf2777ee6969db265ec708e0f670039d886267a9b03121585df
  .gemini/commands/harness-ops.toml: sha256:ad61eddb375bfa9a05e02f5d20e78d13294134715907db1da1b8a030384ca4dd
  .gemini/commands/harness-orchestrate.toml: sha256:3daf90f9c4a1687d216040c27246daf0588ed54b9934ee553a884c197cb181f7
  .gemini/hooks/TABBIN/scripts/format-check-on-edit.sh: sha256:c4e970c8bb9af84d52a33deb6831a2eec3847d16de0e95d038f64f4e3e618035
  .gemini/hooks/TABBIN/scripts/harness-config-protection.sh: sha256:778777f95a8dc1ca748575dbee60c05b1fcec82f814965f4b6c1410fd04e3d87
  .gemini/hooks/TABBIN/scripts/harness-event-capture.sh: sha256:3aa71ec6526e78a3c0f5afa8df2ee06d0f7b09477e91d8675d792e82713254b2
  .gemini/hooks/TABBIN/scripts/harness-first-edit-gate.sh: sha256:4803d8c6916a662eb5480519dbe1af0366db191ec3f61e89cabc7f52bf55f24a
  .gemini/hooks/TABBIN/scripts/harness-precompact.sh: sha256:00904f0442193cea21ee9fb13466bb667cb5304c40e196f07d420e2f7ce12330
  .gemini/hooks/TABBIN/scripts/harness-profile-gate.sh: sha256:a7490ce92226ac2734bd6c06debf1c0bfdf12252951419474e99a3de1a6a5200
  .gemini/hooks/TABBIN/scripts/harness-safety-warn.sh: sha256:44e384a9b11debe65afe8f022b0f401f32f7bd4d3049d867128a74409ac43b99
  .gemini/hooks/TABBIN/scripts/harness-session-context.sh: sha256:a8b299e882c1bf64bb7a7247eec73a42d0f21f7f23871bb7443be937fc0971db
  .gemini/hooks/TABBIN/scripts/publish-verify.sh: sha256:bfd06035431c12bd76a85a44756fbb535380f791c90d1813a33a19466ce59f8d
  .gemini/hooks/TABBIN/scripts/rtk-usage-replace.sh: sha256:34bdb524f350984291ad01d76562a1366e85dd52353a86f61c94b29fc1df30fd
  .gemini/hooks/TABBIN/scripts/stop-verify.sh: sha256:efab965b5b1ee76eeedab8b647cf65721909903db4607db2f4b3f56cd2901522
  .gemini/hooks/TABBIN/scripts/track-edit.sh: sha256:28434ed9f80d0ab53032cac5d98644dd5c624db4420a8d8d71454665ed4008b0
  .github/hooks/TABBIN-claude-quality-hooks.json: sha256:fc4952ee94403f05a5133de3eb1e868976803b32b10ffbba5c125adacab0e502
  .github/hooks/scripts/TABBIN/scripts/format-check-on-edit.sh: sha256:c4e970c8bb9af84d52a33deb6831a2eec3847d16de0e95d038f64f4e3e618035
  .github/hooks/scripts/TABBIN/scripts/harness-config-protection.sh: sha256:778777f95a8dc1ca748575dbee60c05b1fcec82f814965f4b6c1410fd04e3d87
  .github/hooks/scripts/TABBIN/scripts/harness-event-capture.sh: sha256:3aa71ec6526e78a3c0f5afa8df2ee06d0f7b09477e91d8675d792e82713254b2
  .github/hooks/scripts/TABBIN/scripts/harness-first-edit-gate.sh: sha256:4803d8c6916a662eb5480519dbe1af0366db191ec3f61e89cabc7f52bf55f24a
  .github/hooks/scripts/TABBIN/scripts/harness-precompact.sh: sha256:00904f0442193cea21ee9fb13466bb667cb5304c40e196f07d420e2f7ce12330
  .github/hooks/scripts/TABBIN/scripts/harness-profile-gate.sh: sha256:a7490ce92226ac2734bd6c06debf1c0bfdf12252951419474e99a3de1a6a5200
  .github/hooks/scripts/TABBIN/scripts/harness-safety-warn.sh: sha256:44e384a9b11debe65afe8f022b0f401f32f7bd4d3049d867128a74409ac43b99
  .github/hooks/scripts/TABBIN/scripts/harness-session-context.sh: sha256:a8b299e882c1bf64bb7a7247eec73a42d0f21f7f23871bb7443be937fc0971db
  .github/hooks/scripts/TABBIN/scripts/publish-verify.sh: sha256:bfd06035431c12bd76a85a44756fbb535380f791c90d1813a33a19466ce59f8d
  .github/hooks/scripts/TABBIN/scripts/rtk-usage-replace.sh: sha256:34bdb524f350984291ad01d76562a1366e85dd52353a86f61c94b29fc1df30fd
  .github/hooks/scripts/TABBIN/scripts/stop-verify.sh: sha256:efab965b5b1ee76eeedab8b647cf65721909903db4607db2f4b3f56cd2901522
  .github/hooks/scripts/TABBIN/scripts/track-edit.sh: sha256:28434ed9f80d0ab53032cac5d98644dd5c624db4420a8d8d71454665ed4008b0
  .github/instructions/00-context-mode.instructions.md: sha256:e64e27546f1e74646d040397e168ec6d2648e3222b1dfa7b3d4c9fa574add99e
  .github/instructions/01-rtk.instructions.md: sha256:21eca47e0065c186ac0a4edafcdbb927d8b24b4d093cddc13e28e2e728b832b5
  .github/instructions/02-vitest-local-development.instructions.md: sha256:e8cbefece91bb08cf899e66f5c94d0f68adbe52f0a90697f5eb793ed2411dd65
  .github/instructions/03-github-pr-review.instructions.md: sha256:c63ab2d691d36b2b28e706443e8d49a29ff3d9390a6d465ffbb3607b40115f3a
  .github/instructions/harness.instructions.md: sha256:7bff25a4e799f9cd9e19304b24587b3ac6da6673cc8a42dd9be9ce3d7423132d
  .github/instructions/repository-guidelines.instructions.md: sha256:ee91b35d429f357d314ae28bc8c185a754cb017ab114faa5bb83d14167795eb9
  .github/prompts/agent-automation-recommendations.prompt.md: sha256:4a5126ce538fa571ff76f84ca2e099a416ed4f00cde623fd498cbb62275f5d3c
  .github/prompts/code-style.prompt.md: sha256:bc5e6b6d5618fc04434f748cc0d121a5baaed2ff0b95992f0aa2301caf4ca0b9
  .github/prompts/comment-rule.prompt.md: sha256:891b46ab9aae6f4188397fad4b22425b55e928f0bcacb64007b4378912760f12
  .github/prompts/harness-evaluator.prompt.md: sha256:51e53a1c1299a5e2f9a4311d989e425950170bd1c6180a9f71759000adaaa7a9
  .github/prompts/harness-ops.prompt.md: sha256:8c3fd09a4a7509d78160d3f1b49735453393b31683ad034a0a3682a3e1827a26
  .github/prompts/harness-orchestrate.prompt.md: sha256:7afb74320501992c8bba13f827266d1dde2c9aa136fba4e9b63f60804a6ffa08
  .opencode/commands/agent-automation-recommendations.md: sha256:f6a4ff4422ee67a743a174f2eba7fd3d9f5571bc0b800344fb85e15e6e64f033
  .opencode/commands/code-style.md: sha256:92e72362699c129acd601ee5d1f68291e5bd6376b7026f84b54deedc68cca2a4
  .opencode/commands/comment-rule.md: sha256:3b98a5328af95a4c48044587e834c15344c974c6e0fda468fd371fc62185aa15
  .opencode/commands/harness-evaluator.md: sha256:e424ad92a1f09aa3d3a437b48347e2e74313923b339f52378e21a6e6a709657d
  .opencode/commands/harness-ops.md: sha256:391669ff6494095e43a9f9e1411de3019e39753b3ccd0acb7775347336deadd0
  .opencode/commands/harness-orchestrate.md: sha256:1108a6cadd82a5940c4dfd40f891eea4f1000ae71bb19a56bf418bf3f9eea13d
